
Microsoft Visual Studio Solution File, Format Version 11.00
# Visual Studio 2010
Project("{F184B08F-C81C-45F6-A57F-5ABD9991F28F}") = "ina-calculator", "ina-calculator\ina-calculator.vbproj", "{40692DDC-6019-453F-B341-BF98E3CD61DC}"
EndProject
Global
	GlobalSection(SolutionConfigurationPlatforms) = preSolution
		Debug|x86 = Debug|x86
		Release|x86 = Release|x86
	EndGlobalSection
	GlobalSection(ProjectConfigurationPlatforms) = postSolution
		{40692DDC-6019-453F-B341-BF98E3CD61DC}.Debug|x86.ActiveCfg = Debug|x86
		{40692DDC-6019-453F-B341-BF98E3CD61DC}.Debug|x86.Build.0 = Debug|x86
		{40692DDC-6019-453F-B341-BF98E3CD61DC}.Release|x86.ActiveCfg = Release|x86
		{40692DDC-6019-453F-B341-BF98E3CD61DC}.Release|x86.Build.0 = Release|x86
	EndGlobalSection
	GlobalSection(SolutionProperties) = preSolution
		HideSolutionNode = FALSE
	EndGlobalSection
EndGlobal
